// !$*UTF8*$!
{
	archiveVersion = 1;
	classes = {
	};
	objectVersion = 56;
	objects = {

/* Begin PBXBuildFile section */
		5A7B50DA2B9098C6000453F8 /* AppDelegate.swift in Sources */ = {isa = PBXBuildFile; fileRef = 5A7B50D92B9098C6000453F8 /* AppDelegate.swift */; };
		5A7B50E32B9098C9000453F8 /* Assets.xcassets in Resources */ = {isa = PBXBuildFile; fileRef = 5A7B50E22B9098C9000453F8 /* Assets.xcassets */; };
		5A7B50E62B9098C9000453F8 /* LaunchScreen.storyboard in Resources */ = {isa = PBXBuildFile; fileRef = 5A7B50E42B9098C9000453F8 /* LaunchScreen.storyboard */; };
		5A7B50F12B9098C9000453F8 /* Seccio_n_20___CalculadoraTests.swift in Sources */ = {isa = PBXBuildFile; fileRef = 5A7B50F02B9098C9000453F8 /* Seccio_n_20___CalculadoraTests.swift */; };
		5A7B50FB2B9098C9000453F8 /* Seccio_n_20___CalculadoraUITests.swift in Sources */ = {isa = PBXBuildFile; fileRef = 5A7B50FA2B9098C9000453F8 /* Seccio_n_20___CalculadoraUITests.swift */; };
		5A7B50FD2B9098C9000453F8 /* Seccio_n_20___CalculadoraUITestsLaunchTests.swift in Sources */ = {isa = PBXBuildFile; fileRef = 5A7B50FC2B9098C9000453F8 /* Seccio_n_20___CalculadoraUITestsLaunchTests.swift */; };
		5A7B510F2B909FD9000453F8 /* HomeViewController.swift in Sources */ = {isa = PBXBuildFile; fileRef = 5A7B510D2B909FD9000453F8 /* HomeViewController.swift */; };
		5A7B51102B909FD9000453F8 /* HomeView.xib in Resources */ = {isa = PBXBuildFile; fileRef = 5A7B510E2B909FD9000453F8 /* HomeView.xib */; };
		5AA8B5C62B922FBA00F9D008 /* UIButtonExtension.swift in Sources */ = {isa = PBXBuildFile; fileRef = 5AA8B5C52B922FBA00F9D008 /* UIButtonExtension.swift */; };
/* End PBXBuildFile section */

/* Begin PBXContainerItemProxy section */
		5A7B50ED2B9098C9000453F8 /* PBXContainerItemProxy */ = {
			isa = PBXContainerItemProxy;
			containerPortal = 5A7B50CE2B9098C6000453F8 /* Project object */;
			proxyType = 1;
			remoteGlobalIDString = 5A7B50D52B9098C6000453F8;
			remoteInfo = "Sección 20 - Calculadora";
		};
		5A7B50F72B9098C9000453F8 /* PBXContainerItemProxy */ = {
			isa = PBXContainerItemProxy;
			containerPortal = 5A7B50CE2B9098C6000453F8 /* Project object */;
			proxyType = 1;
			remoteGlobalIDString = 5A7B50D52B9098C6000453F8;
			remoteInfo = "Sección 20 - Calculadora";
		};
/* End PBXContainerItemProxy section */

/* Begin PBXFileReference section */
		5A7B50D62B9098C6000453F8 /* Sección 20 - Calculadora.app */ = {isa = PBXFileReference; explicitFileType = wrapper.application; includeInIndex = 0; path = "Sección 20 - Calculadora.app"; sourceTree = BUILT_PRODUCTS_DIR; };
		5A7B50D92B9098C6000453F8 /* AppDelegate.swift */ = {isa = PBXFileReference; lastKnownFileType = sourcecode.swift; path = AppDelegate.swift; sourceTree = "<group>"; };
		5A7B50E22B9098C9000453F8 /* Assets.xcassets */ = {isa = PBXFileReference; lastKnownFileType = folder.assetcatalog; path = Assets.xcassets; sourceTree = "<group>"; };
		5A7B50E52B9098C9000453F8 /* Base */ = {isa = PBXFileReference; lastKnownFileType = file.storyboard; name = Base; path = Base.lproj/LaunchScreen.storyboard; sourceTree = "<group>"; };
		5A7B50E72B9098C9000453F8 /* Info.plist */ = {isa = PBXFileReference; lastKnownFileType = text.plist.xml; path = Info.plist; sourceTree = "<group>"; };
		5A7B50EC2B9098C9000453F8 /* Sección 20 - CalculadoraTests.xctest */ = {isa = PBXFileReference; explicitFileType = wrapper.cfbundle; includeInIndex = 0; path = "Sección 20 - CalculadoraTests.xctest"; sourceTree = BUILT_PRODUCTS_DIR; };
		5A7B50F02B9098C9000453F8 /* Seccio_n_20___CalculadoraTests.swift */ = {isa = PBXFileReference; lastKnownFileType = sourcecode.swift; path = "Seccio_n_20___CalculadoraTests.swift"; sourceTree = "<group>"; };
		5A7B50F62B9098C9000453F8 /* Sección 20 - CalculadoraUITests.xctest */ = {isa = PBXFileReference; explicitFileType = wrapper.cfbundle; includeInIndex = 0; path = "Sección 20 - CalculadoraUITests.xctest"; sourceTree = BUILT_PRODUCTS_DIR; };
		5A7B50FA2B9098C9000453F8 /* Seccio_n_20___CalculadoraUITests.swift */ = {isa = PBXFileReference; lastKnownFileType = sourcecode.swift; path = "Seccio_n_20___CalculadoraUITests.swift"; sourceTree = "<group>"; };
		5A7B50FC2B9098C9000453F8 /* Seccio_n_20___CalculadoraUITestsLaunchTests.swift */ = {isa = PBXFileReference; lastKnownFileType = sourcecode.swift; path = "Seccio_n_20___CalculadoraUITestsLaunchTests.swift"; sourceTree = "<group>"; };
		5A7B510D2B909FD9000453F8 /* HomeViewController.swift */ = {isa = PBXFileReference; lastKnownFileType = sourcecode.swift; path = HomeViewController.swift; sourceTree = "<group>"; };
		5A7B510E2B909FD9000453F8 /* HomeView.xib */ = {isa = PBXFileReference; lastKnownFileType = file.xib; path = HomeView.xib; sourceTree = "<group>"; };
		5AA8B5C52B922FBA00F9D008 /* UIButtonExtension.swift */ = {isa = PBXFileReference; lastKnownFileType = sourcecode.swift; path = UIButtonExtension.swift; sourceTree = "<group>"; };
/* End PBXFileReference section */

/* Begin PBXFrameworksBuildPhase section */
		5A7B50D32B9098C6000453F8 /* Frameworks */ = {
			isa = PBXFrameworksBuildPhase;
			buildActionMask = 2147483647;
			files = (
			);
			runOnlyForDeploymentPostprocessing = 0;
		};
		5A7B50E92B9098C9000453F8 /* Frameworks */ = {
			isa = PBXFrameworksBuildPhase;
			buildActionMask = 2147483647;
			files = (
			);
			runOnlyForDeploymentPostprocessing = 0;
		};
		5A7B50F32B9098C9000453F8 /* Frameworks */ = {
			isa = PBXFrameworksBuildPhase;
			buildActionMask = 2147483647;
			files = (
			);
			runOnlyForDeploymentPostprocessing = 0;
		};
/* End PBXFrameworksBuildPhase section */

/* Begin PBXGroup section */
		5A7B50CD2B9098C6000453F8 = {
			isa = PBXGroup;
			children = (
				5A7B50D82B9098C6000453F8 /* Sección 20 - Calculadora */,
				5A7B50EF2B9098C9000453F8 /* Sección 20 - CalculadoraTests */,
				5A7B50F92B9098C9000453F8 /* Sección 20 - CalculadoraUITests */,
				5A7B50D72B9098C6000453F8 /* Products */,
			);
			sourceTree = "<group>";
		};
		5A7B50D72B9098C6000453F8 /* Products */ = {
			isa = PBXGroup;
			children = (
				5A7B50D62B9098C6000453F8 /* Sección 20 - Calculadora.app */,
				5A7B50EC2B9098C9000453F8 /* Sección 20 - CalculadoraTests.xctest */,
				5A7B50F62B9098C9000453F8 /* Sección 20 - CalculadoraUITests.xctest */,
			);
			name = Products;
			sourceTree = "<group>";
		};
		5A7B50D82B9098C6000453F8 /* Sección 20 - Calculadora */ = {
			isa = PBXGroup;
			children = (
				5A7B50D92B9098C6000453F8 /* AppDelegate.swift */,
				5A7B510B2B909A62000453F8 /* Controller */,
				5A7B510A2B909A5B000453F8 /* View */,
				5A7B51092B909A51000453F8 /* Model */,
				5A7B510C2B909D90000453F8 /* Supporting Files */,
				5A7B51122B90A296000453F8 /* Util */,
				5A7B50E22B9098C9000453F8 /* Assets.xcassets */,
			);
			path = "Sección 20 - Calculadora";
			sourceTree = "<group>";
		};
		5A7B50EF2B9098C9000453F8 /* Sección 20 - CalculadoraTests */ = {
			isa = PBXGroup;
			children = (
				5A7B50F02B9098C9000453F8 /* Seccio_n_20___CalculadoraTests.swift */,
			);
			path = "Sección 20 - CalculadoraTests";
			sourceTree = "<group>";
		};
		5A7B50F92B9098C9000453F8 /* Sección 20 - CalculadoraUITests */ = {
			isa = PBXGroup;
			children = (
				5A7B50FA2B9098C9000453F8 /* Seccio_n_20___CalculadoraUITests.swift */,
				5A7B50FC2B9098C9000453F8 /* Seccio_n_20___CalculadoraUITestsLaunchTests.swift */,
			);
			path = "Sección 20 - CalculadoraUITests";
			sourceTree = "<group>";
		};
		5A7B51092B909A51000453F8 /* Model */ = {
			isa = PBXGroup;
			children = (
			);
			path = Model;
			sourceTree = "<group>";
		};
		5A7B510A2B909A5B000453F8 /* View */ = {
			isa = PBXGroup;
			children = (
				5A7B51112B90A26D000453F8 /* Launch */,
				5A7B510E2B909FD9000453F8 /* HomeView.xib */,
			);
			path = View;
			sourceTree = "<group>";
		};
		5A7B510B2B909A62000453F8 /* Controller */ = {
			isa = PBXGroup;
			children = (
				5A7B510D2B909FD9000453F8 /* HomeViewController.swift */,
			);
			path = Controller;
			sourceTree = "<group>";
		};
		5A7B510C2B909D90000453F8 /* Supporting Files */ = {
			isa = PBXGroup;
			children = (
				5A7B50E72B9098C9000453F8 /* Info.plist */,
			);
			path = "Supporting Files";
			sourceTree = "<group>";
		};
		5A7B51112B90A26D000453F8 /* Launch */ = {
			isa = PBXGroup;
			children = (
				5A7B50E42B9098C9000453F8 /* LaunchScreen.storyboard */,
			);
			path = Launch;
			sourceTree = "<group>";
		};
		5A7B51122B90A296000453F8 /* Util */ = {
			isa = PBXGroup;
			children = (
				5AA8B5C52B922FBA00F9D008 /* UIButtonExtension.swift */,
			);
			path = Util;
			sourceTree = "<group>";
		};
/* End PBXGroup section */

/* Begin PBXNativeTarget section */
		5A7B50D52B9098C6000453F8 /* Sección 20 - Calculadora */ = {
			isa = PBXNativeTarget;
			buildConfigurationList = 5A7B51002B9098C9000453F8 /* Build configuration list for PBXNativeTarget "Sección 20 - Calculadora" */;
			buildPhases = (
				5A7B50D22B9098C6000453F8 /* Sources */,
				5A7B50D32B9098C6000453F8 /* Frameworks */,
				5A7B50D42B9098C6000453F8 /* Resources */,
			);
			buildRules = (
			);
			dependencies = (
			);
			name = "Sección 20 - Calculadora";
			productName = "Sección 20 - Calculadora";
			productReference = 5A7B50D62B9098C6000453F8 /* Sección 20 - Calculadora.app */;
			productType = "com.apple.product-type.application";
		};
		5A7B50EB2B9098C9000453F8 /* Sección 20 - CalculadoraTests */ = {
			isa = PBXNativeTarget;
			buildConfigurationList = 5A7B51032B9098C9000453F8 /* Build configuration list for PBXNativeTarget "Sección 20 - CalculadoraTests" */;
			buildPhases = (
				5A7B50E82B9098C9000453F8 /* Sources */,
				5A7B50E92B9098C9000453F8 /* Frameworks */,
				5A7B50EA2B9098C9000453F8 /* Resources */,
			);
			buildRules = (
			);
			dependencies = (
				5A7B50EE2B9098C9000453F8 /* PBXTargetDependency */,
			);
			name = "Sección 20 - CalculadoraTests";
			productName = "Sección 20 - CalculadoraTests";
			productReference = 5A7B50EC2B9098C9000453F8 /* Sección 20 - CalculadoraTests.xctest */;
			productType = "com.apple.product-type.bundle.unit-test";
		};
		5A7B50F52B9098C9000453F8 /* Sección 20 - CalculadoraUITests */ = {
			isa = PBXNativeTarget;
			buildConfigurationList = 5A7B51062B9098C9000453F8 /* Build configuration list for PBXNativeTarget "Sección 20 - CalculadoraUITests" */;
			buildPhases = (
				5A7B50F22B9098C9000453F8 /* Sources */,
				5A7B50F32B9098C9000453F8 /* Frameworks */,
				5A7B50F42B9098C9000453F8 /* Resources */,
			);
			buildRules = (
			);
			dependencies = (
				5A7B50F82B9098C9000453F8 /* PBXTargetDependency */,
			);
			name = "Sección 20 - CalculadoraUITests";
			productName = "Sección 20 - CalculadoraUITests";
			productReference = 5A7B50F62B9098C9000453F8 /* Sección 20 - CalculadoraUITests.xctest */;
			productType = "com.apple.product-type.bundle.ui-testing";
		};
/* End PBXNativeTarget section */

/* Begin PBXProject section */
		5A7B50CE2B9098C6000453F8 /* Project object */ = {
			isa = PBXProject;
			attributes = {
				BuildIndependentTargetsInParallel = 1;
				LastSwiftUpdateCheck = 1520;
				LastUpgradeCheck = 1520;
				TargetAttributes = {
					5A7B50D52B9098C6000453F8 = {
						CreatedOnToolsVersion = 15.2;
					};
					5A7B50EB2B9098C9000453F8 = {
						CreatedOnToolsVersion = 15.2;
						TestTargetID = 5A7B50D52B9098C6000453F8;
					};
					5A7B50F52B9098C9000453F8 = {
						CreatedOnToolsVersion = 15.2;
						TestTargetID = 5A7B50D52B9098C6000453F8;
					};
				};
			};
			buildConfigurationList = 5A7B50D12B9098C6000453F8 /* Build configuration list for PBXProject "Sección 20 - Calculadora" */;
			compatibilityVersion = "Xcode 14.0";
			developmentRegion = en;
			hasScannedForEncodings = 0;
			knownRegions = (
				en,
				Base,
			);
			mainGroup = 5A7B50CD2B9098C6000453F8;
			productRefGroup = 5A7B50D72B9098C6000453F8 /* Products */;
			projectDirPath = "";
			projectRoot = "";
			targets = (
				5A7B50D52B9098C6000453F8 /* Sección 20 - Calculadora */,
				5A7B50EB2B9098C9000453F8 /* Sección 20 - CalculadoraTests */,
				5A7B50F52B9098C9000453F8 /* Sección 20 - CalculadoraUITests */,
			);
		};
/* End PBXProject section */

/* Begin PBXResourcesBuildPhase section */
		5A7B50D42B9098C6000453F8 /* Resources */ = {
			isa = PBXResourcesBuildPhase;
			buildActionMask = 2147483647;
			files = (
				5A7B50E62B9098C9000453F8 /* LaunchScreen.storyboard in Resources */,
				5A7B50E32B9098C9000453F8 /* Assets.xcassets in Resources */,
				5A7B51102B909FD9000453F8 /* HomeView.xib in Resources */,
			);
			runOnlyForDeploymentPostprocessing = 0;
		};
		5A7B50EA2B9098C9000453F8 /* Resources */ = {
			isa = PBXResourcesBuildPhase;
			buildActionMask = 2147483647;
			files = (
			);
			runOnlyForDeploymentPostprocessing = 0;
		};
		5A7B50F42B9098C9000453F8 /* Resources */ = {
			isa = PBXResourcesBuildPhase;
			buildActionMask = 2147483647;
			files = (
			);
			runOnlyForDeploymentPostprocessing = 0;
		};
/* End PBXResourcesBuildPhase section */

/* Begin PBXSourcesBuildPhase section */
		5A7B50D22B9098C6000453F8 /* Sources */ = {
			isa = PBXSourcesBuildPhase;
			buildActionMask = 2147483647;
			files = (
				5A7B50DA2B9098C6000453F8 /* AppDelegate.swift in Sources */,
				5A7B510F2B909FD9000453F8 /* HomeViewController.swift in Sources */,
				5AA8B5C62B922FBA00F9D008 /* UIButtonExtension.swift in Sources */,
			);
			runOnlyForDeploymentPostprocessing = 0;
		};
		5A7B50E82B9098C9000453F8 /* Sources */ = {
			isa = PBXSourcesBuildPhase;
			buildActionMask = 2147483647;
			files = (
				5A7B50F12B9098C9000453F8 /* Seccio_n_20___CalculadoraTests.swift in Sources */,
			);
			runOnlyForDeploymentPostprocessing = 0;
		};
		5A7B50F22B9098C9000453F8 /* Sources */ = {
			isa = PBXSourcesBuildPhase;
			buildActionMask = 2147483647;
			files = (
				5A7B50FB2B9098C9000453F8 /* Seccio_n_20___CalculadoraUITests.swift in Sources */,
				5A7B50FD2B9098C9000453F8 /* Seccio_n_20___CalculadoraUITestsLaunchTests.swift in Sources */,
			);
			runOnlyForDeploymentPostprocessing = 0;
		};
/* End PBXSourcesBuildPhase section */

/* Begin PBXTargetDependency section */
		5A7B50EE2B9098C9000453F8 /* PBXTargetDependency */ = {
			isa = PBXTargetDependency;
			target = 5A7B50D52B9098C6000453F8 /* Sección 20 - Calculadora */;
			targetProxy = 5A7B50ED2B9098C9000453F8 /* PBXContainerItemProxy */;
		};
		5A7B50F82B9098C9000453F8 /* PBXTargetDependency */ = {
			isa = PBXTargetDependency;
			target = 5A7B50D52B9098C6000453F8 /* Sección 20 - Calculadora */;
			targetProxy = 5A7B50F72B9098C9000453F8 /* PBXContainerItemProxy */;
		};
/* End PBXTargetDependency section */

/* Begin PBXVariantGroup section */
		5A7B50E42B9098C9000453F8 /* LaunchScreen.storyboard */ = {
			isa = PBXVariantGroup;
			children = (
				5A7B50E52B9098C9000453F8 /* Base */,
			);
			name = LaunchScreen.storyboard;
			sourceTree = "<group>";
		};
/* End PBXVariantGroup section */

/* Begin XCBuildConfiguration section */
		5A7B50FE2B9098C9000453F8 /* Debug */ = {
			isa = XCBuildConfiguration;
			buildSettings = {
				ALWAYS_SEARCH_USER_PATHS = NO;
				ASSETCATALOG_COMPILER_GENERATE_SWIFT_ASSET_SYMBOL_EXTENSIONS = YES;
				CLANG_ANALYZER_NONNULL = YES;
				CLANG_ANALYZER_NUMBER_OBJECT_CONVERSION = YES_AGGRESSIVE;
				CLANG_CXX_LANGUAGE_STANDARD = "gnu++20";
				CLANG_ENABLE_MODULES = YES;
				CLANG_ENABLE_OBJC_ARC = YES;
				CLANG_ENABLE_OBJC_WEAK = YES;
				CLANG_WARN_BLOCK_CAPTURE_AUTORELEASING = YES;
				CLANG_WARN_BOOL_CONVERSION = YES;
				CLANG_WARN_COMMA = YES;
				CLANG_WARN_CONSTANT_CONVERSION = YES;
				CLANG_WARN_DEPRECATED_OBJC_IMPLEMENTATIONS = YES;
				CLANG_WARN_DIRECT_OBJC_ISA_USAGE = YES_ERROR;
				CLANG_WARN_DOCUMENTATION_COMMENTS = YES;
				CLANG_WARN_EMPTY_BODY = YES;
				CLANG_WARN_ENUM_CONVERSION = YES;
				CLANG_WARN_INFINITE_RECURSION = YES;
				CLANG_WARN_INT_CONVERSION = YES;
				CLANG_WARN_NON_LITERAL_NULL_CONVERSION = YES;
				CLANG_WARN_OBJC_IMPLICIT_RETAIN_SELF = YES;
				CLANG_WARN_OBJC_LITERAL_CONVERSION = YES;
				CLANG_WARN_OBJC_ROOT_CLASS = YES_ERROR;
				CLANG_WARN_QUOTED_INCLUDE_IN_FRAMEWORK_HEADER = YES;
				CLANG_WARN_RANGE_LOOP_ANALYSIS = YES;
				CLANG_WARN_STRICT_PROTOTYPES = YES;
				CLANG_WARN_SUSPICIOUS_MOVE = YES;
				CLANG_WARN_UNGUARDED_AVAILABILITY = YES_AGGRESSIVE;
				CLANG_WARN_UNREACHABLE_CODE = YES;
				CLANG_WARN__DUPLICATE_METHOD_MATCH = YES;
				COPY_PHASE_STRIP = NO;
				DEBUG_INFORMATION_FORMAT = dwarf;
				ENABLE_STRICT_OBJC_MSGSEND = YES;
				ENABLE_TESTABILITY = YES;
				ENABLE_USER_SCRIPT_SANDBOXING = YES;
				GCC_C_LANGUAGE_STANDARD = gnu17;
				GCC_DYNAMIC_NO_PIC = NO;
				GCC_NO_COMMON_BLOCKS = YES;
				GCC_OPTIMIZATION_LEVEL = 0;
				GCC_PREPROCESSOR_DEFINITIONS = (
					"DEBUG=1",
					"$(inherited)",
				);
				GCC_WARN_64_TO_32_BIT_CONVERSION = YES;
				GCC_WARN_ABOUT_RETURN_TYPE = YES_ERROR;
				GCC_WARN_UNDECLARED_SELECTOR = YES;
				GCC_WARN_UNINITIALIZED_AUTOS = YES_AGGRESSIVE;
				GCC_WARN_UNUSED_FUNCTION = YES;
				GCC_WARN_UNUSED_VARIABLE = YES;
				IPHONEOS_DEPLOYMENT_TARGET = 17.2;
				LOCALIZATION_PREFERS_STRING_CATALOGS = YES;
				MTL_ENABLE_DEBUG_INFO = INCLUDE_SOURCE;
				MTL_FAST_MATH = YES;
				ONLY_ACTIVE_ARCH = YES;
				SDKROOT = iphoneos;
				SWIFT_ACTIVE_COMPILATION_CONDITIONS = "DEBUG $(inherited)";
				SWIFT_OPTIMIZATION_LEVEL = "-Onone";
			};
			name = Debug;
		};
		5A7B50FF2B9098C9000453F8 /* Release */ = {
			isa = XCBuildConfiguration;
			buildSettings = {
				ALWAYS_SEARCH_USER_PATHS = NO;
				ASSETCATALOG_COMPILER_GENERATE_SWIFT_ASSET_SYMBOL_EXTENSIONS = YES;
				CLANG_ANALYZER_NONNULL = YES;
				CLANG_ANALYZER_NUMBER_OBJECT_CONVERSION = YES_AGGRESSIVE;
				CLANG_CXX_LANGUAGE_STANDARD = "gnu++20";
				CLANG_ENABLE_MODULES = YES;
				CLANG_ENABLE_OBJC_ARC = YES;
				CLANG_ENABLE_OBJC_WEAK = YES;
				CLANG_WARN_BLOCK_CAPTURE_AUTORELEASING = YES;
				CLANG_WARN_BOOL_CONVERSION = YES;
				CLANG_WARN_COMMA = YES;
				CLANG_WARN_CONSTANT_CONVERSION = YES;
				CLANG_WARN_DEPRECATED_OBJC_IMPLEMENTATIONS = YES;
				CLANG_WARN_DIRECT_OBJC_ISA_USAGE = YES_ERROR;
				CLANG_WARN_DOCUMENTATION_COMMENTS = YES;
				CLANG_WARN_EMPTY_BODY = YES;
				CLANG_WARN_ENUM_CONVERSION = YES;
				CLANG_WARN_INFINITE_RECURSION = YES;
				CLANG_WARN_INT_CONVERSION = YES;
				CLANG_WARN_NON_LITERAL_NULL_CONVERSION = YES;
				CLANG_WARN_OBJC_IMPLICIT_RETAIN_SELF = YES;
				CLANG_WARN_OBJC_LITERAL_CONVERSION = YES;
				CLANG_WARN_OBJC_ROOT_CLASS = YES_ERROR;
				CLANG_WARN_QUOTED_INCLUDE_IN_FRAMEWORK_HEADER = YES;
				CLANG_WARN_RANGE_LOOP_ANALYSIS = YES;
				CLANG_WARN_STRICT_PROTOTYPES = YES;
				CLANG_WARN_SUSPICIOUS_MOVE = YES;
				CLANG_WARN_UNGUARDED_AVAILABILITY = YES_AGGRESSIVE;
				CLANG_WARN_UNREACHABLE_CODE = YES;
				CLANG_WARN__DUPLICATE_METHOD_MATCH = YES;
				COPY_PHASE_STRIP = NO;
				DEBUG_INFORMATION_FORMAT = "dwarf-with-dsym";
				ENABLE_NS_ASSERTIONS = NO;
				ENABLE_STRICT_OBJC_MSGSEND = YES;
				ENABLE_USER_SCRIPT_SANDBOXING = YES;
				GCC_C_LANGUAGE_STANDARD = gnu17;
				GCC_NO_COMMON_BLOCKS = YES;
				GCC_WARN_64_TO_32_BIT_CONVERSION = YES;
				GCC_WARN_ABOUT_RETURN_TYPE = YES_ERROR;
				GCC_WARN_UNDECLARED_SELECTOR = YES;
				GCC_WARN_UNINITIALIZED_AUTOS = YES_AGGRESSIVE;
				GCC_WARN_UNUSED_FUNCTION = YES;
				GCC_WARN_UNUSED_VARIABLE = YES;
				IPHONEOS_DEPLOYMENT_TARGET = 17.2;
				LOCALIZATION_PREFERS_STRING_CATALOGS = YES;
				MTL_ENABLE_DEBUG_INFO = NO;
				MTL_FAST_MATH = YES;
				SDKROOT = iphoneos;
				SWIFT_COMPILATION_MODE = wholemodule;
				VALIDATE_PRODUCT = YES;
			};
			name = Release;
		};
		5A7B51012B9098C9000453F8 /* Debug */ = {
			isa = XCBuildConfiguration;
			buildSettings = {
				ASSETCATALOG_COMPILER_APPICON_NAME = AppIcon;
				ASSETCATALOG_COMPILER_GLOBAL_ACCENT_COLOR_NAME = AccentColor;
				CODE_SIGN_STYLE = Automatic;
				CURRENT_PROJECT_VERSION = 1;
				DEVELOPMENT_TEAM = 6Z8MU97UL5;
				GENERATE_INFOPLIST_FILE = YES;
				INFOPLIST_FILE = "Sección 20 - Calculadora/Supporting Files/Info.plist";
				INFOPLIST_KEY_UIApplicationSupportsIndirectInputEvents = YES;
				INFOPLIST_KEY_UILaunchStoryboardName = LaunchScreen;
				INFOPLIST_KEY_UIMainStoryboardFile = "";
				INFOPLIST_KEY_UIStatusBarStyle = UIStatusBarStyleLightContent;
				INFOPLIST_KEY_UISupportedInterfaceOrientations_iPad = "UIInterfaceOrientationPortrait UIInterfaceOrientationPortraitUpsideDown UIInterfaceOrientationLandscapeLeft UIInterfaceOrientationLandscapeRight";
				INFOPLIST_KEY_UISupportedInterfaceOrientations_iPhone = "UIInterfaceOrientationPortrait UIInterfaceOrientationLandscapeLeft UIInterfaceOrientationLandscapeRight";
				LD_RUNPATH_SEARCH_PATHS = (
					"$(inherited)",
					"@executable_path/Frameworks",
				);
				MARKETING_VERSION = 1.0;
				PRODUCT_BUNDLE_IDENTIFIER = "com.aguilarjacob.Seccio-n-20---Calculadora";
				PRODUCT_NAME = "$(TARGET_NAME)";
				SWIFT_EMIT_LOC_STRINGS = YES;
				SWIFT_VERSION = 5.0;
				TARGETED_DEVICE_FAMILY = "1,2";
			};
			name = Debug;
		};
		5A7B51022B9098C9000453F8 /* Release */ = {
			isa = XCBuildConfiguration;
			buildSettings = {
				ASSETCATALOG_COMPILER_APPICON_NAME = AppIcon;
				ASSETCATALOG_COMPILER_GLOBAL_ACCENT_COLOR_NAME = AccentColor;
				CODE_SIGN_STYLE = Automatic;
				CURRENT_PROJECT_VERSION = 1;
				DEVELOPMENT_TEAM = 6Z8MU97UL5;
				GENERATE_INFOPLIST_FILE = YES;
				INFOPLIST_FILE = "Sección 20 - Calculadora/Supporting Files/Info.plist";
				INFOPLIST_KEY_UIApplicationSupportsIndirectInputEvents = YES;
				INFOPLIST_KEY_UILaunchStoryboardName = LaunchScreen;
				INFOPLIST_KEY_UIMainStoryboardFile = "";
				INFOPLIST_KEY_UIStatusBarStyle = UIStatusBarStyleLightContent;
				INFOPLIST_KEY_UISupportedInterfaceOrientations_iPad = "UIInterfaceOrientationPortrait UIInterfaceOrientationPortraitUpsideDown UIInterfaceOrientationLandscapeLeft UIInterfaceOrientationLandscapeRight";
				INFOPLIST_KEY_UISupportedInterfaceOrientations_iPhone = "UIInterfaceOrientationPortrait UIInterfaceOrientationLandscapeLeft UIInterfaceOrientationLandscapeRight";
				LD_RUNPATH_SEARCH_PATHS = (
					"$(inherited)",
					"@executable_path/Frameworks",
				);
				MARKETING_VERSION = 1.0;
				PRODUCT_BUNDLE_IDENTIFIER = "com.aguilarjacob.Seccio-n-20---Calculadora";
				PRODUCT_NAME = "$(TARGET_NAME)";
				SWIFT_EMIT_LOC_STRINGS = YES;
				SWIFT_VERSION = 5.0;
				TARGETED_DEVICE_FAMILY = "1,2";
			};
			name = Release;
		};
		5A7B51042B9098C9000453F8 /* Debug */ = {
			isa = XCBuildConfiguration;
			buildSettings = {
				ALWAYS_EMBED_SWIFT_STANDARD_LIBRARIES = YES;
				BUNDLE_LOADER = "$(TEST_HOST)";
				CODE_SIGN_STYLE = Automatic;
				CURRENT_PROJECT_VERSION = 1;
				DEVELOPMENT_TEAM = 6Z8MU97UL5;
				GENERATE_INFOPLIST_FILE = YES;
				IPHONEOS_DEPLOYMENT_TARGET = 17.2;
				MARKETING_VERSION = 1.0;
				PRODUCT_BUNDLE_IDENTIFIER = "com.aguilarjacob.Seccio-n-20---CalculadoraTests";
				PRODUCT_NAME = "$(TARGET_NAME)";
				SWIFT_EMIT_LOC_STRINGS = NO;
				SWIFT_VERSION = 5.0;
				TARGETED_DEVICE_FAMILY = "1,2";
				TEST_HOST = "$(BUILT_PRODUCTS_DIR)/Sección 20 - Calculadora.app/$(BUNDLE_EXECUTABLE_FOLDER_PATH)/Sección 20 - Calculadora";
			};
			name = Debug;
		};
		5A7B51052B9098C9000453F8 /* Release */ = {
			isa = XCBuildConfiguration;
			buildSettings = {
				ALWAYS_EMBED_SWIFT_STANDARD_LIBRARIES = YES;
				BUNDLE_LOADER = "$(TEST_HOST)";
				CODE_SIGN_STYLE = Automatic;
				CURRENT_PROJECT_VERSION = 1;
				DEVELOPMENT_TEAM = 6Z8MU97UL5;
				GENERATE_INFOPLIST_FILE = YES;
				IPHONEOS_DEPLOYMENT_TARGET = 17.2;
				MARKETING_VERSION = 1.0;
				PRODUCT_BUNDLE_IDENTIFIER = "com.aguilarjacob.Seccio-n-20---CalculadoraTests";
				PRODUCT_NAME = "$(TARGET_NAME)";
				SWIFT_EMIT_LOC_STRINGS = NO;
				SWIFT_VERSION = 5.0;
				TARGETED_DEVICE_FAMILY = "1,2";
				TEST_HOST = "$(BUILT_PRODUCTS_DIR)/Sección 20 - Calculadora.app/$(BUNDLE_EXECUTABLE_FOLDER_PATH)/Sección 20 - Calculadora";
			};
			name = Release;
		};
		5A7B51072B9098C9000453F8 /* Debug */ = {
			isa = XCBuildConfiguration;
			buildSettings = {
				ALWAYS_EMBED_SWIFT_STANDARD_LIBRARIES = YES;
				CODE_SIGN_STYLE = Automatic;
				CURRENT_PROJECT_VERSION = 1;
				DEVELOPMENT_TEAM = 6Z8MU97UL5;
				GENERATE_INFOPLIST_FILE = YES;
				MARKETING_VERSION = 1.0;
				PRODUCT_BUNDLE_IDENTIFIER = "com.aguilarjacob.Seccio-n-20---CalculadoraUITests";
				PRODUCT_NAME = "$(TARGET_NAME)";
				SWIFT_EMIT_LOC_STRINGS = NO;
				SWIFT_VERSION = 5.0;
				TARGETED_DEVICE_FAMILY = "1,2";
				TEST_TARGET_NAME = "Sección 20 - Calculadora";
			};
			name = Debug;
		};
		5A7B51082B9098C9000453F8 /* Release */ = {
			isa = XCBuildConfiguration;
			buildSettings = {
				ALWAYS_EMBED_SWIFT_STANDARD_LIBRARIES = YES;
				CODE_SIGN_STYLE = Automatic;
				CURRENT_PROJECT_VERSION = 1;
				DEVELOPMENT_TEAM = 6Z8MU97UL5;
				GENERATE_INFOPLIST_FILE = YES;
				MARKETING_VERSION = 1.0;
				PRODUCT_BUNDLE_IDENTIFIER = "com.aguilarjacob.Seccio-n-20---CalculadoraUITests";
				PRODUCT_NAME = "$(TARGET_NAME)";
				SWIFT_EMIT_LOC_STRINGS = NO;
				SWIFT_VERSION = 5.0;
				TARGETED_DEVICE_FAMILY = "1,2";
				TEST_TARGET_NAME = "Sección 20 - Calculadora";
			};
			name = Release;
		};
/* End XCBuildConfiguration section */

/* Begin XCConfigurationList section */
		5A7B50D12B9098C6000453F8 /* Build configuration list for PBXProject "Sección 20 - Calculadora" */ = {
			isa = XCConfigurationList;
			buildConfigurations = (
				5A7B50FE2B9098C9000453F8 /* Debug */,
				5A7B50FF2B9098C9000453F8 /* Release */,
			);
			defaultConfigurationIsVisible = 0;
			defaultConfigurationName = Release;
		};
		5A7B51002B9098C9000453F8 /* Build configuration list for PBXNativeTarget "Sección 20 - Calculadora" */ = {
			isa = XCConfigurationList;
			buildConfigurations = (
				5A7B51012B9098C9000453F8 /* Debug */,
				5A7B51022B9098C9000453F8 /* Release */,
			);
			defaultConfigurationIsVisible = 0;
			defaultConfigurationName = Release;
		};
		5A7B51032B9098C9000453F8 /* Build configuration list for PBXNativeTarget "Sección 20 - CalculadoraTests" */ = {
			isa = XCConfigurationList;
			buildConfigurations = (
				5A7B51042B9098C9000453F8 /* Debug */,
				5A7B51052B9098C9000453F8 /* Release */,
			);
			defaultConfigurationIsVisible = 0;
			defaultConfigurationName = Release;
		};
		5A7B51062B9098C9000453F8 /* Build configuration list for PBXNativeTarget "Sección 20 - CalculadoraUITests" */ = {
			isa = XCConfigurationList;
			buildConfigurations = (
				5A7B51072B9098C9000453F8 /* Debug */,
				5A7B51082B9098C9000453F8 /* Release */,
			);
			defaultConfigurationIsVisible = 0;
			defaultConfigurationName = Release;
		};
/* End XCConfigurationList section */
	};
	rootObject = 5A7B50CE2B9098C6000453F8 /* Project object */;
}
