// !$*UTF8*$!
{
	archiveVersion = 1;
	classes = {
	};
	objectVersion = 56;
	objects = {

/* Begin PBXBuildFile section */
		5A4EF6B62B8F813C00EC487C /* AppDelegate.swift in Sources */ = {isa = PBXBuildFile; fileRef = 5A4EF6B52B8F813C00EC487C /* AppDelegate.swift */; };
		5A4EF6BF2B8F813F00EC487C /* Assets.xcassets in Resources */ = {isa = PBXBuildFile; fileRef = 5A4EF6BE2B8F813F00EC487C /* Assets.xcassets */; };
		5A4EF6C22B8F813F00EC487C /* LaunchScreen.storyboard in Resources */ = {isa = PBXBuildFile; fileRef = 5A4EF6C02B8F813F00EC487C /* LaunchScreen.storyboard */; };
		5A4EF6CD2B8F814000EC487C /* Seccio_n_20___CalculatorTests.swift in Sources */ = {isa = PBXBuildFile; fileRef = 5A4EF6CC2B8F814000EC487C /* Seccio_n_20___CalculatorTests.swift */; };
		5A4EF6D72B8F814000EC487C /* Seccio_n_20___CalculatorUITests.swift in Sources */ = {isa = PBXBuildFile; fileRef = 5A4EF6D62B8F814000EC487C /* Seccio_n_20___CalculatorUITests.swift */; };
		5A4EF6D92B8F814000EC487C /* Seccio_n_20___CalculatorUITestsLaunchTests.swift in Sources */ = {isa = PBXBuildFile; fileRef = 5A4EF6D82B8F814000EC487C /* Seccio_n_20___CalculatorUITestsLaunchTests.swift */; };
		5A4EF6EF2B8F880C00EC487C /* HomeViewController.swift in Sources */ = {isa = PBXBuildFile; fileRef = 5A4EF6ED2B8F880C00EC487C /* HomeViewController.swift */; };
		5A4EF6F02B8F880C00EC487C /* HomeViewController.xib in Resources */ = {isa = PBXBuildFile; fileRef = 5A4EF6EE2B8F880C00EC487C /* HomeViewController.xib */; };
/* End PBXBuildFile section */

/* Begin PBXContainerItemProxy section */
		5A4EF6C92B8F814000EC487C /* PBXContainerItemProxy */ = {
			isa = PBXContainerItemProxy;
			containerPortal = 5A4EF6AA2B8F813C00EC487C /* Project object */;
			proxyType = 1;
			remoteGlobalIDString = 5A4EF6B12B8F813C00EC487C;
			remoteInfo = "Sección 20 - Calculator";
		};
		5A4EF6D32B8F814000EC487C /* PBXContainerItemProxy */ = {
			isa = PBXContainerItemProxy;
			containerPortal = 5A4EF6AA2B8F813C00EC487C /* Project object */;
			proxyType = 1;
			remoteGlobalIDString = 5A4EF6B12B8F813C00EC487C;
			remoteInfo = "Sección 20 - Calculator";
		};
/* End PBXContainerItemProxy section */

/* Begin PBXFileReference section */
		5A4EF6B22B8F813C00EC487C /* Sección 20 - Calculator.app */ = {isa = PBXFileReference; explicitFileType = wrapper.application; includeInIndex = 0; path = "Sección 20 - Calculator.app"; sourceTree = BUILT_PRODUCTS_DIR; };
		5A4EF6B52B8F813C00EC487C /* AppDelegate.swift */ = {isa = PBXFileReference; lastKnownFileType = sourcecode.swift; path = AppDelegate.swift; sourceTree = "<group>"; };
		5A4EF6BE2B8F813F00EC487C /* Assets.xcassets */ = {isa = PBXFileReference; lastKnownFileType = folder.assetcatalog; path = Assets.xcassets; sourceTree = "<group>"; };
		5A4EF6C12B8F813F00EC487C /* Base */ = {isa = PBXFileReference; lastKnownFileType = file.storyboard; name = Base; path = Base.lproj/LaunchScreen.storyboard; sourceTree = "<group>"; };
		5A4EF6C32B8F813F00EC487C /* Info.plist */ = {isa = PBXFileReference; lastKnownFileType = text.plist.xml; path = Info.plist; sourceTree = "<group>"; };
		5A4EF6C82B8F814000EC487C /* Sección 20 - CalculatorTests.xctest */ = {isa = PBXFileReference; explicitFileType = wrapper.cfbundle; includeInIndex = 0; path = "Sección 20 - CalculatorTests.xctest"; sourceTree = BUILT_PRODUCTS_DIR; };
		5A4EF6CC2B8F814000EC487C /* Seccio_n_20___CalculatorTests.swift */ = {isa = PBXFileReference; lastKnownFileType = sourcecode.swift; path = "Seccio_n_20___CalculatorTests.swift"; sourceTree = "<group>"; };
		5A4EF6D22B8F814000EC487C /* Sección 20 - CalculatorUITests.xctest */ = {isa = PBXFileReference; explicitFileType = wrapper.cfbundle; includeInIndex = 0; path = "Sección 20 - CalculatorUITests.xctest"; sourceTree = BUILT_PRODUCTS_DIR; };
		5A4EF6D62B8F814000EC487C /* Seccio_n_20___CalculatorUITests.swift */ = {isa = PBXFileReference; lastKnownFileType = sourcecode.swift; path = "Seccio_n_20___CalculatorUITests.swift"; sourceTree = "<group>"; };
		5A4EF6D82B8F814000EC487C /* Seccio_n_20___CalculatorUITestsLaunchTests.swift */ = {isa = PBXFileReference; lastKnownFileType = sourcecode.swift; path = "Seccio_n_20___CalculatorUITestsLaunchTests.swift"; sourceTree = "<group>"; };
		5A4EF6ED2B8F880C00EC487C /* HomeViewController.swift */ = {isa = PBXFileReference; lastKnownFileType = sourcecode.swift; path = HomeViewController.swift; sourceTree = "<group>"; };
		5A4EF6EE2B8F880C00EC487C /* HomeViewController.xib */ = {isa = PBXFileReference; lastKnownFileType = file.xib; path = HomeViewController.xib; sourceTree = "<group>"; };
/* End PBXFileReference section */

/* Begin PBXFrameworksBuildPhase section */
		5A4EF6AF2B8F813C00EC487C /* Frameworks */ = {
			isa = PBXFrameworksBuildPhase;
			buildActionMask = 2147483647;
			files = (
			);
			runOnlyForDeploymentPostprocessing = 0;
		};
		5A4EF6C52B8F814000EC487C /* Frameworks */ = {
			isa = PBXFrameworksBuildPhase;
			buildActionMask = 2147483647;
			files = (
			);
			runOnlyForDeploymentPostprocessing = 0;
		};
		5A4EF6CF2B8F814000EC487C /* Frameworks */ = {
			isa = PBXFrameworksBuildPhase;
			buildActionMask = 2147483647;
			files = (
			);
			runOnlyForDeploymentPostprocessing = 0;
		};
/* End PBXFrameworksBuildPhase section */

/* Begin PBXGroup section */
		5A4EF6A92B8F813C00EC487C = {
			isa = PBXGroup;
			children = (
				5A4EF6B42B8F813C00EC487C /* Sección 20 - Calculator */,
				5A4EF6CB2B8F814000EC487C /* Sección 20 - CalculatorTests */,
				5A4EF6D52B8F814000EC487C /* Sección 20 - CalculatorUITests */,
				5A4EF6B32B8F813C00EC487C /* Products */,
			);
			sourceTree = "<group>";
		};
		5A4EF6B32B8F813C00EC487C /* Products */ = {
			isa = PBXGroup;
			children = (
				5A4EF6B22B8F813C00EC487C /* Sección 20 - Calculator.app */,
				5A4EF6C82B8F814000EC487C /* Sección 20 - CalculatorTests.xctest */,
				5A4EF6D22B8F814000EC487C /* Sección 20 - CalculatorUITests.xctest */,
			);
			name = Products;
			sourceTree = "<group>";
		};
		5A4EF6B42B8F813C00EC487C /* Sección 20 - Calculator */ = {
			isa = PBXGroup;
			children = (
				5A4EF6B52B8F813C00EC487C /* AppDelegate.swift */,
				5A4EF6E72B8F868B00EC487C /* View */,
				5A4EF6E62B8F867E00EC487C /* Controller */,
				5A4EF6E52B8F867400EC487C /* Model */,
				5A4EF6E92B8F86BC00EC487C /* Supporting files */,
				5A4EF6E82B8F869900EC487C /* Util */,
				5A4EF6BE2B8F813F00EC487C /* Assets.xcassets */,
			);
			path = "Sección 20 - Calculator";
			sourceTree = "<group>";
		};
		5A4EF6CB2B8F814000EC487C /* Sección 20 - CalculatorTests */ = {
			isa = PBXGroup;
			children = (
				5A4EF6CC2B8F814000EC487C /* Seccio_n_20___CalculatorTests.swift */,
			);
			path = "Sección 20 - CalculatorTests";
			sourceTree = "<group>";
		};
		5A4EF6D52B8F814000EC487C /* Sección 20 - CalculatorUITests */ = {
			isa = PBXGroup;
			children = (
				5A4EF6D62B8F814000EC487C /* Seccio_n_20___CalculatorUITests.swift */,
				5A4EF6D82B8F814000EC487C /* Seccio_n_20___CalculatorUITestsLaunchTests.swift */,
			);
			path = "Sección 20 - CalculatorUITests";
			sourceTree = "<group>";
		};
		5A4EF6E52B8F867400EC487C /* Model */ = {
			isa = PBXGroup;
			children = (
			);
			path = Model;
			sourceTree = "<group>";
		};
		5A4EF6E62B8F867E00EC487C /* Controller */ = {
			isa = PBXGroup;
			children = (
				5A4EF6EC2B8F87E700EC487C /* Home */,
			);
			path = Controller;
			sourceTree = "<group>";
		};
		5A4EF6E72B8F868B00EC487C /* View */ = {
			isa = PBXGroup;
			children = (
				5A4EF6EB2B8F87D600EC487C /* Home */,
				5A4EF6EA2B8F874A00EC487C /* Launch */,
			);
			path = View;
			sourceTree = "<group>";
		};
		5A4EF6E82B8F869900EC487C /* Util */ = {
			isa = PBXGroup;
			children = (
			);
			path = Util;
			sourceTree = "<group>";
		};
		5A4EF6E92B8F86BC00EC487C /* Supporting files */ = {
			isa = PBXGroup;
			children = (
				5A4EF6C32B8F813F00EC487C /* Info.plist */,
			);
			path = "Supporting files";
			sourceTree = "<group>";
		};
		5A4EF6EA2B8F874A00EC487C /* Launch */ = {
			isa = PBXGroup;
			children = (
				5A4EF6C02B8F813F00EC487C /* LaunchScreen.storyboard */,
			);
			path = Launch;
			sourceTree = "<group>";
		};
		5A4EF6EB2B8F87D600EC487C /* Home */ = {
			isa = PBXGroup;
			children = (
				5A4EF6EE2B8F880C00EC487C /* HomeViewController.xib */,
			);
			path = Home;
			sourceTree = "<group>";
		};
		5A4EF6EC2B8F87E700EC487C /* Home */ = {
			isa = PBXGroup;
			children = (
				5A4EF6ED2B8F880C00EC487C /* HomeViewController.swift */,
			);
			path = Home;
			sourceTree = "<group>";
		};
/* End PBXGroup section */

/* Begin PBXNativeTarget section */
		5A4EF6B12B8F813C00EC487C /* Sección 20 - Calculator */ = {
			isa = PBXNativeTarget;
			buildConfigurationList = 5A4EF6DC2B8F814000EC487C /* Build configuration list for PBXNativeTarget "Sección 20 - Calculator" */;
			buildPhases = (
				5A4EF6AE2B8F813C00EC487C /* Sources */,
				5A4EF6AF2B8F813C00EC487C /* Frameworks */,
				5A4EF6B02B8F813C00EC487C /* Resources */,
			);
			buildRules = (
			);
			dependencies = (
			);
			name = "Sección 20 - Calculator";
			productName = "Sección 20 - Calculator";
			productReference = 5A4EF6B22B8F813C00EC487C /* Sección 20 - Calculator.app */;
			productType = "com.apple.product-type.application";
		};
		5A4EF6C72B8F814000EC487C /* Sección 20 - CalculatorTests */ = {
			isa = PBXNativeTarget;
			buildConfigurationList = 5A4EF6DF2B8F814000EC487C /* Build configuration list for PBXNativeTarget "Sección 20 - CalculatorTests" */;
			buildPhases = (
				5A4EF6C42B8F814000EC487C /* Sources */,
				5A4EF6C52B8F814000EC487C /* Frameworks */,
				5A4EF6C62B8F814000EC487C /* Resources */,
			);
			buildRules = (
			);
			dependencies = (
				5A4EF6CA2B8F814000EC487C /* PBXTargetDependency */,
			);
			name = "Sección 20 - CalculatorTests";
			productName = "Sección 20 - CalculatorTests";
			productReference = 5A4EF6C82B8F814000EC487C /* Sección 20 - CalculatorTests.xctest */;
			productType = "com.apple.product-type.bundle.unit-test";
		};
		5A4EF6D12B8F814000EC487C /* Sección 20 - CalculatorUITests */ = {
			isa = PBXNativeTarget;
			buildConfigurationList = 5A4EF6E22B8F814000EC487C /* Build configuration list for PBXNativeTarget "Sección 20 - CalculatorUITests" */;
			buildPhases = (
				5A4EF6CE2B8F814000EC487C /* Sources */,
				5A4EF6CF2B8F814000EC487C /* Frameworks */,
				5A4EF6D02B8F814000EC487C /* Resources */,
			);
			buildRules = (
			);
			dependencies = (
				5A4EF6D42B8F814000EC487C /* PBXTargetDependency */,
			);
			name = "Sección 20 - CalculatorUITests";
			productName = "Sección 20 - CalculatorUITests";
			productReference = 5A4EF6D22B8F814000EC487C /* Sección 20 - CalculatorUITests.xctest */;
			productType = "com.apple.product-type.bundle.ui-testing";
		};
/* End PBXNativeTarget section */

/* Begin PBXProject section */
		5A4EF6AA2B8F813C00EC487C /* Project object */ = {
			isa = PBXProject;
			attributes = {
				BuildIndependentTargetsInParallel = 1;
				LastSwiftUpdateCheck = 1520;
				LastUpgradeCheck = 1520;
				TargetAttributes = {
					5A4EF6B12B8F813C00EC487C = {
						CreatedOnToolsVersion = 15.2;
					};
					5A4EF6C72B8F814000EC487C = {
						CreatedOnToolsVersion = 15.2;
						TestTargetID = 5A4EF6B12B8F813C00EC487C;
					};
					5A4EF6D12B8F814000EC487C = {
						CreatedOnToolsVersion = 15.2;
						TestTargetID = 5A4EF6B12B8F813C00EC487C;
					};
				};
			};
			buildConfigurationList = 5A4EF6AD2B8F813C00EC487C /* Build configuration list for PBXProject "Sección 20 - Calculator" */;
			compatibilityVersion = "Xcode 14.0";
			developmentRegion = en;
			hasScannedForEncodings = 0;
			knownRegions = (
				en,
				Base,
			);
			mainGroup = 5A4EF6A92B8F813C00EC487C;
			productRefGroup = 5A4EF6B32B8F813C00EC487C /* Products */;
			projectDirPath = "";
			projectRoot = "";
			targets = (
				5A4EF6B12B8F813C00EC487C /* Sección 20 - Calculator */,
				5A4EF6C72B8F814000EC487C /* Sección 20 - CalculatorTests */,
				5A4EF6D12B8F814000EC487C /* Sección 20 - CalculatorUITests */,
			);
		};
/* End PBXProject section */

/* Begin PBXResourcesBuildPhase section */
		5A4EF6B02B8F813C00EC487C /* Resources */ = {
			isa = PBXResourcesBuildPhase;
			buildActionMask = 2147483647;
			files = (
				5A4EF6C22B8F813F00EC487C /* LaunchScreen.storyboard in Resources */,
				5A4EF6BF2B8F813F00EC487C /* Assets.xcassets in Resources */,
				5A4EF6F02B8F880C00EC487C /* HomeViewController.xib in Resources */,
			);
			runOnlyForDeploymentPostprocessing = 0;
		};
		5A4EF6C62B8F814000EC487C /* Resources */ = {
			isa = PBXResourcesBuildPhase;
			buildActionMask = 2147483647;
			files = (
			);
			runOnlyForDeploymentPostprocessing = 0;
		};
		5A4EF6D02B8F814000EC487C /* Resources */ = {
			isa = PBXResourcesBuildPhase;
			buildActionMask = 2147483647;
			files = (
			);
			runOnlyForDeploymentPostprocessing = 0;
		};
/* End PBXResourcesBuildPhase section */

/* Begin PBXSourcesBuildPhase section */
		5A4EF6AE2B8F813C00EC487C /* Sources */ = {
			isa = PBXSourcesBuildPhase;
			buildActionMask = 2147483647;
			files = (
				5A4EF6B62B8F813C00EC487C /* AppDelegate.swift in Sources */,
				5A4EF6EF2B8F880C00EC487C /* HomeViewController.swift in Sources */,
			);
			runOnlyForDeploymentPostprocessing = 0;
		};
		5A4EF6C42B8F814000EC487C /* Sources */ = {
			isa = PBXSourcesBuildPhase;
			buildActionMask = 2147483647;
			files = (
				5A4EF6CD2B8F814000EC487C /* Seccio_n_20___CalculatorTests.swift in Sources */,
			);
			runOnlyForDeploymentPostprocessing = 0;
		};
		5A4EF6CE2B8F814000EC487C /* Sources */ = {
			isa = PBXSourcesBuildPhase;
			buildActionMask = 2147483647;
			files = (
				5A4EF6D72B8F814000EC487C /* Seccio_n_20___CalculatorUITests.swift in Sources */,
				5A4EF6D92B8F814000EC487C /* Seccio_n_20___CalculatorUITestsLaunchTests.swift in Sources */,
			);
			runOnlyForDeploymentPostprocessing = 0;
		};
/* End PBXSourcesBuildPhase section */

/* Begin PBXTargetDependency section */
		5A4EF6CA2B8F814000EC487C /* PBXTargetDependency */ = {
			isa = PBXTargetDependency;
			target = 5A4EF6B12B8F813C00EC487C /* Sección 20 - Calculator */;
			targetProxy = 5A4EF6C92B8F814000EC487C /* PBXContainerItemProxy */;
		};
		5A4EF6D42B8F814000EC487C /* PBXTargetDependency */ = {
			isa = PBXTargetDependency;
			target = 5A4EF6B12B8F813C00EC487C /* Sección 20 - Calculator */;
			targetProxy = 5A4EF6D32B8F814000EC487C /* PBXContainerItemProxy */;
		};
/* End PBXTargetDependency section */

/* Begin PBXVariantGroup section */
		5A4EF6C02B8F813F00EC487C /* LaunchScreen.storyboard */ = {
			isa = PBXVariantGroup;
			children = (
				5A4EF6C12B8F813F00EC487C /* Base */,
			);
			name = LaunchScreen.storyboard;
			sourceTree = "<group>";
		};
/* End PBXVariantGroup section */

/* Begin XCBuildConfiguration section */
		5A4EF6DA2B8F814000EC487C /* Debug */ = {
			isa = XCBuildConfiguration;
			buildSettings = {
				ALWAYS_SEARCH_USER_PATHS = NO;
				ASSETCATALOG_COMPILER_GENERATE_SWIFT_ASSET_SYMBOL_EXTENSIONS = YES;
				CLANG_ANALYZER_NONNULL = YES;
				CLANG_ANALYZER_NUMBER_OBJECT_CONVERSION = YES_AGGRESSIVE;
				CLANG_CXX_LANGUAGE_STANDARD = "gnu++20";
				CLANG_ENABLE_MODULES = YES;
				CLANG_ENABLE_OBJC_ARC = YES;
				CLANG_ENABLE_OBJC_WEAK = YES;
				CLANG_WARN_BLOCK_CAPTURE_AUTORELEASING = YES;
				CLANG_WARN_BOOL_CONVERSION = YES;
				CLANG_WARN_COMMA = YES;
				CLANG_WARN_CONSTANT_CONVERSION = YES;
				CLANG_WARN_DEPRECATED_OBJC_IMPLEMENTATIONS = YES;
				CLANG_WARN_DIRECT_OBJC_ISA_USAGE = YES_ERROR;
				CLANG_WARN_DOCUMENTATION_COMMENTS = YES;
				CLANG_WARN_EMPTY_BODY = YES;
				CLANG_WARN_ENUM_CONVERSION = YES;
				CLANG_WARN_INFINITE_RECURSION = YES;
				CLANG_WARN_INT_CONVERSION = YES;
				CLANG_WARN_NON_LITERAL_NULL_CONVERSION = YES;
				CLANG_WARN_OBJC_IMPLICIT_RETAIN_SELF = YES;
				CLANG_WARN_OBJC_LITERAL_CONVERSION = YES;
				CLANG_WARN_OBJC_ROOT_CLASS = YES_ERROR;
				CLANG_WARN_QUOTED_INCLUDE_IN_FRAMEWORK_HEADER = YES;
				CLANG_WARN_RANGE_LOOP_ANALYSIS = YES;
				CLANG_WARN_STRICT_PROTOTYPES = YES;
				CLANG_WARN_SUSPICIOUS_MOVE = YES;
				CLANG_WARN_UNGUARDED_AVAILABILITY = YES_AGGRESSIVE;
				CLANG_WARN_UNREACHABLE_CODE = YES;
				CLANG_WARN__DUPLICATE_METHOD_MATCH = YES;
				COPY_PHASE_STRIP = NO;
				DEBUG_INFORMATION_FORMAT = dwarf;
				ENABLE_STRICT_OBJC_MSGSEND = YES;
				ENABLE_TESTABILITY = YES;
				ENABLE_USER_SCRIPT_SANDBOXING = YES;
				GCC_C_LANGUAGE_STANDARD = gnu17;
				GCC_DYNAMIC_NO_PIC = NO;
				GCC_NO_COMMON_BLOCKS = YES;
				GCC_OPTIMIZATION_LEVEL = 0;
				GCC_PREPROCESSOR_DEFINITIONS = (
					"DEBUG=1",
					"$(inherited)",
				);
				GCC_WARN_64_TO_32_BIT_CONVERSION = YES;
				GCC_WARN_ABOUT_RETURN_TYPE = YES_ERROR;
				GCC_WARN_UNDECLARED_SELECTOR = YES;
				GCC_WARN_UNINITIALIZED_AUTOS = YES_AGGRESSIVE;
				GCC_WARN_UNUSED_FUNCTION = YES;
				GCC_WARN_UNUSED_VARIABLE = YES;
				IPHONEOS_DEPLOYMENT_TARGET = 17.2;
				LOCALIZATION_PREFERS_STRING_CATALOGS = YES;
				MTL_ENABLE_DEBUG_INFO = INCLUDE_SOURCE;
				MTL_FAST_MATH = YES;
				ONLY_ACTIVE_ARCH = YES;
				SDKROOT = iphoneos;
				SWIFT_ACTIVE_COMPILATION_CONDITIONS = "DEBUG $(inherited)";
				SWIFT_OPTIMIZATION_LEVEL = "-Onone";
			};
			name = Debug;
		};
		5A4EF6DB2B8F814000EC487C /* Release */ = {
			isa = XCBuildConfiguration;
			buildSettings = {
				ALWAYS_SEARCH_USER_PATHS = NO;
				ASSETCATALOG_COMPILER_GENERATE_SWIFT_ASSET_SYMBOL_EXTENSIONS = YES;
				CLANG_ANALYZER_NONNULL = YES;
				CLANG_ANALYZER_NUMBER_OBJECT_CONVERSION = YES_AGGRESSIVE;
				CLANG_CXX_LANGUAGE_STANDARD = "gnu++20";
				CLANG_ENABLE_MODULES = YES;
				CLANG_ENABLE_OBJC_ARC = YES;
				CLANG_ENABLE_OBJC_WEAK = YES;
				CLANG_WARN_BLOCK_CAPTURE_AUTORELEASING = YES;
				CLANG_WARN_BOOL_CONVERSION = YES;
				CLANG_WARN_COMMA = YES;
				CLANG_WARN_CONSTANT_CONVERSION = YES;
				CLANG_WARN_DEPRECATED_OBJC_IMPLEMENTATIONS = YES;
				CLANG_WARN_DIRECT_OBJC_ISA_USAGE = YES_ERROR;
				CLANG_WARN_DOCUMENTATION_COMMENTS = YES;
				CLANG_WARN_EMPTY_BODY = YES;
				CLANG_WARN_ENUM_CONVERSION = YES;
				CLANG_WARN_INFINITE_RECURSION = YES;
				CLANG_WARN_INT_CONVERSION = YES;
				CLANG_WARN_NON_LITERAL_NULL_CONVERSION = YES;
				CLANG_WARN_OBJC_IMPLICIT_RETAIN_SELF = YES;
				CLANG_WARN_OBJC_LITERAL_CONVERSION = YES;
				CLANG_WARN_OBJC_ROOT_CLASS = YES_ERROR;
				CLANG_WARN_QUOTED_INCLUDE_IN_FRAMEWORK_HEADER = YES;
				CLANG_WARN_RANGE_LOOP_ANALYSIS = YES;
				CLANG_WARN_STRICT_PROTOTYPES = YES;
				CLANG_WARN_SUSPICIOUS_MOVE = YES;
				CLANG_WARN_UNGUARDED_AVAILABILITY = YES_AGGRESSIVE;
				CLANG_WARN_UNREACHABLE_CODE = YES;
				CLANG_WARN__DUPLICATE_METHOD_MATCH = YES;
				COPY_PHASE_STRIP = NO;
				DEBUG_INFORMATION_FORMAT = "dwarf-with-dsym";
				ENABLE_NS_ASSERTIONS = NO;
				ENABLE_STRICT_OBJC_MSGSEND = YES;
				ENABLE_USER_SCRIPT_SANDBOXING = YES;
				GCC_C_LANGUAGE_STANDARD = gnu17;
				GCC_NO_COMMON_BLOCKS = YES;
				GCC_WARN_64_TO_32_BIT_CONVERSION = YES;
				GCC_WARN_ABOUT_RETURN_TYPE = YES_ERROR;
				GCC_WARN_UNDECLARED_SELECTOR = YES;
				GCC_WARN_UNINITIALIZED_AUTOS = YES_AGGRESSIVE;
				GCC_WARN_UNUSED_FUNCTION = YES;
				GCC_WARN_UNUSED_VARIABLE = YES;
				IPHONEOS_DEPLOYMENT_TARGET = 17.2;
				LOCALIZATION_PREFERS_STRING_CATALOGS = YES;
				MTL_ENABLE_DEBUG_INFO = NO;
				MTL_FAST_MATH = YES;
				SDKROOT = iphoneos;
				SWIFT_COMPILATION_MODE = wholemodule;
				VALIDATE_PRODUCT = YES;
			};
			name = Release;
		};
		5A4EF6DD2B8F814000EC487C /* Debug */ = {
			isa = XCBuildConfiguration;
			buildSettings = {
				ASSETCATALOG_COMPILER_APPICON_NAME = AppIcon;
				ASSETCATALOG_COMPILER_GLOBAL_ACCENT_COLOR_NAME = AccentColor;
				CODE_SIGN_STYLE = Automatic;
				CURRENT_PROJECT_VERSION = 1;
				DEVELOPMENT_TEAM = 6Z8MU97UL5;
				GENERATE_INFOPLIST_FILE = YES;
				INFOPLIST_FILE = "Sección 20 - Calculator/Supporting files/Info.plist";
				INFOPLIST_KEY_CFBundleDisplayName = "Calculator UIKit";
				INFOPLIST_KEY_UIApplicationSupportsIndirectInputEvents = YES;
				INFOPLIST_KEY_UILaunchStoryboardName = LaunchScreen.storyboard;
				INFOPLIST_KEY_UIMainStoryboardFile = HomeViewController;
				INFOPLIST_KEY_UISupportedInterfaceOrientations_iPad = "UIInterfaceOrientationPortrait UIInterfaceOrientationPortraitUpsideDown UIInterfaceOrientationLandscapeLeft UIInterfaceOrientationLandscapeRight";
				INFOPLIST_KEY_UISupportedInterfaceOrientations_iPhone = "UIInterfaceOrientationPortrait UIInterfaceOrientationLandscapeLeft UIInterfaceOrientationLandscapeRight";
				LD_RUNPATH_SEARCH_PATHS = (
					"$(inherited)",
					"@executable_path/Frameworks",
				);
				MARKETING_VERSION = 1.0;
				PRODUCT_BUNDLE_IDENTIFIER = "com.aguilarjacob.Seccio-n-20---Calculator";
				PRODUCT_NAME = "$(TARGET_NAME)";
				SWIFT_EMIT_LOC_STRINGS = YES;
				SWIFT_VERSION = 5.0;
				TARGETED_DEVICE_FAMILY = "1,2";
			};
			name = Debug;
		};
		5A4EF6DE2B8F814000EC487C /* Release */ = {
			isa = XCBuildConfiguration;
			buildSettings = {
				ASSETCATALOG_COMPILER_APPICON_NAME = AppIcon;
				ASSETCATALOG_COMPILER_GLOBAL_ACCENT_COLOR_NAME = AccentColor;
				CODE_SIGN_STYLE = Automatic;
				CURRENT_PROJECT_VERSION = 1;
				DEVELOPMENT_TEAM = 6Z8MU97UL5;
				GENERATE_INFOPLIST_FILE = YES;
				INFOPLIST_FILE = "Sección 20 - Calculator/Supporting files/Info.plist";
				INFOPLIST_KEY_CFBundleDisplayName = "Calculator UIKit";
				INFOPLIST_KEY_UIApplicationSupportsIndirectInputEvents = YES;
				INFOPLIST_KEY_UILaunchStoryboardName = LaunchScreen.storyboard;
				INFOPLIST_KEY_UIMainStoryboardFile = HomeViewController;
				INFOPLIST_KEY_UISupportedInterfaceOrientations_iPad = "UIInterfaceOrientationPortrait UIInterfaceOrientationPortraitUpsideDown UIInterfaceOrientationLandscapeLeft UIInterfaceOrientationLandscapeRight";
				INFOPLIST_KEY_UISupportedInterfaceOrientations_iPhone = "UIInterfaceOrientationPortrait UIInterfaceOrientationLandscapeLeft UIInterfaceOrientationLandscapeRight";
				LD_RUNPATH_SEARCH_PATHS = (
					"$(inherited)",
					"@executable_path/Frameworks",
				);
				MARKETING_VERSION = 1.0;
				PRODUCT_BUNDLE_IDENTIFIER = "com.aguilarjacob.Seccio-n-20---Calculator";
				PRODUCT_NAME = "$(TARGET_NAME)";
				SWIFT_EMIT_LOC_STRINGS = YES;
				SWIFT_VERSION = 5.0;
				TARGETED_DEVICE_FAMILY = "1,2";
			};
			name = Release;
		};
		5A4EF6E02B8F814000EC487C /* Debug */ = {
			isa = XCBuildConfiguration;
			buildSettings = {
				ALWAYS_EMBED_SWIFT_STANDARD_LIBRARIES = YES;
				BUNDLE_LOADER = "$(TEST_HOST)";
				CODE_SIGN_STYLE = Automatic;
				CURRENT_PROJECT_VERSION = 1;
				DEVELOPMENT_TEAM = 6Z8MU97UL5;
				GENERATE_INFOPLIST_FILE = YES;
				IPHONEOS_DEPLOYMENT_TARGET = 17.2;
				MARKETING_VERSION = 1.0;
				PRODUCT_BUNDLE_IDENTIFIER = "com.aguilarjacob.Seccio-n-20---CalculatorTests";
				PRODUCT_NAME = "$(TARGET_NAME)";
				SWIFT_EMIT_LOC_STRINGS = NO;
				SWIFT_VERSION = 5.0;
				TARGETED_DEVICE_FAMILY = "1,2";
				TEST_HOST = "$(BUILT_PRODUCTS_DIR)/Sección 20 - Calculator.app/$(BUNDLE_EXECUTABLE_FOLDER_PATH)/Sección 20 - Calculator";
			};
			name = Debug;
		};
		5A4EF6E12B8F814000EC487C /* Release */ = {
			isa = XCBuildConfiguration;
			buildSettings = {
				ALWAYS_EMBED_SWIFT_STANDARD_LIBRARIES = YES;
				BUNDLE_LOADER = "$(TEST_HOST)";
				CODE_SIGN_STYLE = Automatic;
				CURRENT_PROJECT_VERSION = 1;
				DEVELOPMENT_TEAM = 6Z8MU97UL5;
				GENERATE_INFOPLIST_FILE = YES;
				IPHONEOS_DEPLOYMENT_TARGET = 17.2;
				MARKETING_VERSION = 1.0;
				PRODUCT_BUNDLE_IDENTIFIER = "com.aguilarjacob.Seccio-n-20---CalculatorTests";
				PRODUCT_NAME = "$(TARGET_NAME)";
				SWIFT_EMIT_LOC_STRINGS = NO;
				SWIFT_VERSION = 5.0;
				TARGETED_DEVICE_FAMILY = "1,2";
				TEST_HOST = "$(BUILT_PRODUCTS_DIR)/Sección 20 - Calculator.app/$(BUNDLE_EXECUTABLE_FOLDER_PATH)/Sección 20 - Calculator";
			};
			name = Release;
		};
		5A4EF6E32B8F814000EC487C /* Debug */ = {
			isa = XCBuildConfiguration;
			buildSettings = {
				ALWAYS_EMBED_SWIFT_STANDARD_LIBRARIES = YES;
				CODE_SIGN_STYLE = Automatic;
				CURRENT_PROJECT_VERSION = 1;
				DEVELOPMENT_TEAM = 6Z8MU97UL5;
				GENERATE_INFOPLIST_FILE = YES;
				MARKETING_VERSION = 1.0;
				PRODUCT_BUNDLE_IDENTIFIER = "com.aguilarjacob.Seccio-n-20---CalculatorUITests";
				PRODUCT_NAME = "$(TARGET_NAME)";
				SWIFT_EMIT_LOC_STRINGS = NO;
				SWIFT_VERSION = 5.0;
				TARGETED_DEVICE_FAMILY = "1,2";
				TEST_TARGET_NAME = "Sección 20 - Calculator";
			};
			name = Debug;
		};
		5A4EF6E42B8F814000EC487C /* Release */ = {
			isa = XCBuildConfiguration;
			buildSettings = {
				ALWAYS_EMBED_SWIFT_STANDARD_LIBRARIES = YES;
				CODE_SIGN_STYLE = Automatic;
				CURRENT_PROJECT_VERSION = 1;
				DEVELOPMENT_TEAM = 6Z8MU97UL5;
				GENERATE_INFOPLIST_FILE = YES;
				MARKETING_VERSION = 1.0;
				PRODUCT_BUNDLE_IDENTIFIER = "com.aguilarjacob.Seccio-n-20---CalculatorUITests";
				PRODUCT_NAME = "$(TARGET_NAME)";
				SWIFT_EMIT_LOC_STRINGS = NO;
				SWIFT_VERSION = 5.0;
				TARGETED_DEVICE_FAMILY = "1,2";
				TEST_TARGET_NAME = "Sección 20 - Calculator";
			};
			name = Release;
		};
/* End XCBuildConfiguration section */

/* Begin XCConfigurationList section */
		5A4EF6AD2B8F813C00EC487C /* Build configuration list for PBXProject "Sección 20 - Calculator" */ = {
			isa = XCConfigurationList;
			buildConfigurations = (
				5A4EF6DA2B8F814000EC487C /* Debug */,
				5A4EF6DB2B8F814000EC487C /* Release */,
			);
			defaultConfigurationIsVisible = 0;
			defaultConfigurationName = Release;
		};
		5A4EF6DC2B8F814000EC487C /* Build configuration list for PBXNativeTarget "Sección 20 - Calculator" */ = {
			isa = XCConfigurationList;
			buildConfigurations = (
				5A4EF6DD2B8F814000EC487C /* Debug */,
				5A4EF6DE2B8F814000EC487C /* Release */,
			);
			defaultConfigurationIsVisible = 0;
			defaultConfigurationName = Release;
		};
		5A4EF6DF2B8F814000EC487C /* Build configuration list for PBXNativeTarget "Sección 20 - CalculatorTests" */ = {
			isa = XCConfigurationList;
			buildConfigurations = (
				5A4EF6E02B8F814000EC487C /* Debug */,
				5A4EF6E12B8F814000EC487C /* Release */,
			);
			defaultConfigurationIsVisible = 0;
			defaultConfigurationName = Release;
		};
		5A4EF6E22B8F814000EC487C /* Build configuration list for PBXNativeTarget "Sección 20 - CalculatorUITests" */ = {
			isa = XCConfigurationList;
			buildConfigurations = (
				5A4EF6E32B8F814000EC487C /* Debug */,
				5A4EF6E42B8F814000EC487C /* Release */,
			);
			defaultConfigurationIsVisible = 0;
			defaultConfigurationName = Release;
		};
/* End XCConfigurationList section */
	};
	rootObject = 5A4EF6AA2B8F813C00EC487C /* Project object */;
}
