// !$*UTF8*$!
{
	archiveVersion = 1;
	classes = {
	};
	objectVersion = 56;
	objects = {

/* Begin PBXBuildFile section */
		5A3CBAEE2B9B5A1300FB1914 /* AppDelegate.swift in Sources */ = {isa = PBXBuildFile; fileRef = 5A3CBAED2B9B5A1300FB1914 /* AppDelegate.swift */; };
		5A3CBAF02B9B5A1400FB1914 /* SceneDelegate.swift in Sources */ = {isa = PBXBuildFile; fileRef = 5A3CBAEF2B9B5A1400FB1914 /* SceneDelegate.swift */; };
		5A3CBAF22B9B5A1400FB1914 /* ViewController.swift in Sources */ = {isa = PBXBuildFile; fileRef = 5A3CBAF12B9B5A1400FB1914 /* ViewController.swift */; };
		5A3CBAF52B9B5A1400FB1914 /* Base in Resources */ = {isa = PBXBuildFile; fileRef = 5A3CBAF42B9B5A1400FB1914 /* Base */; };
		5A3CBAF82B9B5A1400FB1914 /* Seccion_22___API_Rest.xcdatamodeld in Sources */ = {isa = PBXBuildFile; fileRef = 5A3CBAF62B9B5A1400FB1914 /* Seccion_22___API_Rest.xcdatamodeld */; };
		5A3CBAFA2B9B5A1A00FB1914 /* Assets.xcassets in Resources */ = {isa = PBXBuildFile; fileRef = 5A3CBAF92B9B5A1A00FB1914 /* Assets.xcassets */; };
		5A3CBAFD2B9B5A1A00FB1914 /* Base in Resources */ = {isa = PBXBuildFile; fileRef = 5A3CBAFC2B9B5A1A00FB1914 /* Base */; };
/* End PBXBuildFile section */

/* Begin PBXFileReference section */
		5A3CBAEA2B9B5A1300FB1914 /* Seccion 22 - API Rest.app */ = {isa = PBXFileReference; explicitFileType = wrapper.application; includeInIndex = 0; path = "Seccion 22 - API Rest.app"; sourceTree = BUILT_PRODUCTS_DIR; };
		5A3CBAED2B9B5A1300FB1914 /* AppDelegate.swift */ = {isa = PBXFileReference; lastKnownFileType = sourcecode.swift; path = AppDelegate.swift; sourceTree = "<group>"; };
		5A3CBAEF2B9B5A1400FB1914 /* SceneDelegate.swift */ = {isa = PBXFileReference; lastKnownFileType = sourcecode.swift; path = SceneDelegate.swift; sourceTree = "<group>"; };
		5A3CBAF12B9B5A1400FB1914 /* ViewController.swift */ = {isa = PBXFileReference; lastKnownFileType = sourcecode.swift; path = ViewController.swift; sourceTree = "<group>"; };
		5A3CBAF42B9B5A1400FB1914 /* Base */ = {isa = PBXFileReference; lastKnownFileType = file.storyboard; name = Base; path = Base.lproj/Main.storyboard; sourceTree = "<group>"; };
		5A3CBAF72B9B5A1400FB1914 /* Seccion_22___API_Rest.xcdatamodel */ = {isa = PBXFileReference; lastKnownFileType = wrapper.xcdatamodel; path = "Seccion_22___API_Rest.xcdatamodel"; sourceTree = "<group>"; };
		5A3CBAF92B9B5A1A00FB1914 /* Assets.xcassets */ = {isa = PBXFileReference; lastKnownFileType = folder.assetcatalog; path = Assets.xcassets; sourceTree = "<group>"; };
		5A3CBAFC2B9B5A1A00FB1914 /* Base */ = {isa = PBXFileReference; lastKnownFileType = file.storyboard; name = Base; path = Base.lproj/LaunchScreen.storyboard; sourceTree = "<group>"; };
		5A3CBAFE2B9B5A1A00FB1914 /* Info.plist */ = {isa = PBXFileReference; lastKnownFileType = text.plist.xml; path = Info.plist; sourceTree = "<group>"; };
/* End PBXFileReference section */

/* Begin PBXFrameworksBuildPhase section */
		5A3CBAE72B9B5A1300FB1914 /* Frameworks */ = {
			isa = PBXFrameworksBuildPhase;
			buildActionMask = 2147483647;
			files = (
			);
			runOnlyForDeploymentPostprocessing = 0;
		};
/* End PBXFrameworksBuildPhase section */

/* Begin PBXGroup section */
		5A3CBAE12B9B5A1300FB1914 = {
			isa = PBXGroup;
			children = (
				5A3CBAEC2B9B5A1300FB1914 /* Seccion 22 - API Rest */,
				5A3CBAEB2B9B5A1300FB1914 /* Products */,
			);
			sourceTree = "<group>";
		};
		5A3CBAEB2B9B5A1300FB1914 /* Products */ = {
			isa = PBXGroup;
			children = (
				5A3CBAEA2B9B5A1300FB1914 /* Seccion 22 - API Rest.app */,
			);
			name = Products;
			sourceTree = "<group>";
		};
		5A3CBAEC2B9B5A1300FB1914 /* Seccion 22 - API Rest */ = {
			isa = PBXGroup;
			children = (
				5A3CBAED2B9B5A1300FB1914 /* AppDelegate.swift */,
				5A3CBAEF2B9B5A1400FB1914 /* SceneDelegate.swift */,
				5A3CBAF12B9B5A1400FB1914 /* ViewController.swift */,
				5A3CBAF32B9B5A1400FB1914 /* Main.storyboard */,
				5A3CBAF92B9B5A1A00FB1914 /* Assets.xcassets */,
				5A3CBAFB2B9B5A1A00FB1914 /* LaunchScreen.storyboard */,
				5A3CBAFE2B9B5A1A00FB1914 /* Info.plist */,
				5A3CBAF62B9B5A1400FB1914 /* Seccion_22___API_Rest.xcdatamodeld */,
			);
			path = "Seccion 22 - API Rest";
			sourceTree = "<group>";
		};
/* End PBXGroup section */

/* Begin PBXNativeTarget section */
		5A3CBAE92B9B5A1300FB1914 /* Seccion 22 - API Rest */ = {
			isa = PBXNativeTarget;
			buildConfigurationList = 5A3CBB012B9B5A1A00FB1914 /* Build configuration list for PBXNativeTarget "Seccion 22 - API Rest" */;
			buildPhases = (
				5A3CBAE62B9B5A1300FB1914 /* Sources */,
				5A3CBAE72B9B5A1300FB1914 /* Frameworks */,
				5A3CBAE82B9B5A1300FB1914 /* Resources */,
			);
			buildRules = (
			);
			dependencies = (
			);
			name = "Seccion 22 - API Rest";
			productName = "Seccion 22 - API Rest";
			productReference = 5A3CBAEA2B9B5A1300FB1914 /* Seccion 22 - API Rest.app */;
			productType = "com.apple.product-type.application";
		};
/* End PBXNativeTarget section */

/* Begin PBXProject section */
		5A3CBAE22B9B5A1300FB1914 /* Project object */ = {
			isa = PBXProject;
			attributes = {
				BuildIndependentTargetsInParallel = 1;
				LastSwiftUpdateCheck = 1530;
				LastUpgradeCheck = 1530;
				TargetAttributes = {
					5A3CBAE92B9B5A1300FB1914 = {
						CreatedOnToolsVersion = 15.3;
					};
				};
			};
			buildConfigurationList = 5A3CBAE52B9B5A1300FB1914 /* Build configuration list for PBXProject "Seccion 22 - API Rest" */;
			compatibilityVersion = "Xcode 14.0";
			developmentRegion = en;
			hasScannedForEncodings = 0;
			knownRegions = (
				en,
				Base,
			);
			mainGroup = 5A3CBAE12B9B5A1300FB1914;
			productRefGroup = 5A3CBAEB2B9B5A1300FB1914 /* Products */;
			projectDirPath = "";
			projectRoot = "";
			targets = (
				5A3CBAE92B9B5A1300FB1914 /* Seccion 22 - API Rest */,
			);
		};
/* End PBXProject section */

/* Begin PBXResourcesBuildPhase section */
		5A3CBAE82B9B5A1300FB1914 /* Resources */ = {
			isa = PBXResourcesBuildPhase;
			buildActionMask = 2147483647;
			files = (
				5A3CBAFA2B9B5A1A00FB1914 /* Assets.xcassets in Resources */,
				5A3CBAFD2B9B5A1A00FB1914 /* Base in Resources */,
				5A3CBAF52B9B5A1400FB1914 /* Base in Resources */,
			);
			runOnlyForDeploymentPostprocessing = 0;
		};
/* End PBXResourcesBuildPhase section */

/* Begin PBXSourcesBuildPhase section */
		5A3CBAE62B9B5A1300FB1914 /* Sources */ = {
			isa = PBXSourcesBuildPhase;
			buildActionMask = 2147483647;
			files = (
				5A3CBAF22B9B5A1400FB1914 /* ViewController.swift in Sources */,
				5A3CBAF82B9B5A1400FB1914 /* Seccion_22___API_Rest.xcdatamodeld in Sources */,
				5A3CBAEE2B9B5A1300FB1914 /* AppDelegate.swift in Sources */,
				5A3CBAF02B9B5A1400FB1914 /* SceneDelegate.swift in Sources */,
			);
			runOnlyForDeploymentPostprocessing = 0;
		};
/* End PBXSourcesBuildPhase section */

/* Begin PBXVariantGroup section */
		5A3CBAF32B9B5A1400FB1914 /* Main.storyboard */ = {
			isa = PBXVariantGroup;
			children = (
				5A3CBAF42B9B5A1400FB1914 /* Base */,
			);
			name = Main.storyboard;
			sourceTree = "<group>";
		};
		5A3CBAFB2B9B5A1A00FB1914 /* LaunchScreen.storyboard */ = {
			isa = PBXVariantGroup;
			children = (
				5A3CBAFC2B9B5A1A00FB1914 /* Base */,
			);
			name = LaunchScreen.storyboard;
			sourceTree = "<group>";
		};
/* End PBXVariantGroup section */

/* Begin XCBuildConfiguration section */
		5A3CBAFF2B9B5A1A00FB1914 /* Debug */ = {
			isa = XCBuildConfiguration;
			buildSettings = {
				ALWAYS_SEARCH_USER_PATHS = NO;
				ASSETCATALOG_COMPILER_GENERATE_SWIFT_ASSET_SYMBOL_EXTENSIONS = YES;
				CLANG_ANALYZER_NONNULL = YES;
				CLANG_ANALYZER_NUMBER_OBJECT_CONVERSION = YES_AGGRESSIVE;
				CLANG_CXX_LANGUAGE_STANDARD = "gnu++20";
				CLANG_ENABLE_MODULES = YES;
				CLANG_ENABLE_OBJC_ARC = YES;
				CLANG_ENABLE_OBJC_WEAK = YES;
				CLANG_WARN_BLOCK_CAPTURE_AUTORELEASING = YES;
				CLANG_WARN_BOOL_CONVERSION = YES;
				CLANG_WARN_COMMA = YES;
				CLANG_WARN_CONSTANT_CONVERSION = YES;
				CLANG_WARN_DEPRECATED_OBJC_IMPLEMENTATIONS = YES;
				CLANG_WARN_DIRECT_OBJC_ISA_USAGE = YES_ERROR;
				CLANG_WARN_DOCUMENTATION_COMMENTS = YES;
				CLANG_WARN_EMPTY_BODY = YES;
				CLANG_WARN_ENUM_CONVERSION = YES;
				CLANG_WARN_INFINITE_RECURSION = YES;
				CLANG_WARN_INT_CONVERSION = YES;
				CLANG_WARN_NON_LITERAL_NULL_CONVERSION = YES;
				CLANG_WARN_OBJC_IMPLICIT_RETAIN_SELF = YES;
				CLANG_WARN_OBJC_LITERAL_CONVERSION = YES;
				CLANG_WARN_OBJC_ROOT_CLASS = YES_ERROR;
				CLANG_WARN_QUOTED_INCLUDE_IN_FRAMEWORK_HEADER = YES;
				CLANG_WARN_RANGE_LOOP_ANALYSIS = YES;
				CLANG_WARN_STRICT_PROTOTYPES = YES;
				CLANG_WARN_SUSPICIOUS_MOVE = YES;
				CLANG_WARN_UNGUARDED_AVAILABILITY = YES_AGGRESSIVE;
				CLANG_WARN_UNREACHABLE_CODE = YES;
				CLANG_WARN__DUPLICATE_METHOD_MATCH = YES;
				COPY_PHASE_STRIP = NO;
				DEBUG_INFORMATION_FORMAT = dwarf;
				ENABLE_STRICT_OBJC_MSGSEND = YES;
				ENABLE_TESTABILITY = YES;
				ENABLE_USER_SCRIPT_SANDBOXING = YES;
				GCC_C_LANGUAGE_STANDARD = gnu17;
				GCC_DYNAMIC_NO_PIC = NO;
				GCC_NO_COMMON_BLOCKS = YES;
				GCC_OPTIMIZATION_LEVEL = 0;
				GCC_PREPROCESSOR_DEFINITIONS = (
					"DEBUG=1",
					"$(inherited)",
				);
				GCC_WARN_64_TO_32_BIT_CONVERSION = YES;
				GCC_WARN_ABOUT_RETURN_TYPE = YES_ERROR;
				GCC_WARN_UNDECLARED_SELECTOR = YES;
				GCC_WARN_UNINITIALIZED_AUTOS = YES_AGGRESSIVE;
				GCC_WARN_UNUSED_FUNCTION = YES;
				GCC_WARN_UNUSED_VARIABLE = YES;
				IPHONEOS_DEPLOYMENT_TARGET = 17.4;
				LOCALIZATION_PREFERS_STRING_CATALOGS = YES;
				MTL_ENABLE_DEBUG_INFO = INCLUDE_SOURCE;
				MTL_FAST_MATH = YES;
				ONLY_ACTIVE_ARCH = YES;
				SDKROOT = iphoneos;
				SWIFT_ACTIVE_COMPILATION_CONDITIONS = "DEBUG $(inherited)";
				SWIFT_OPTIMIZATION_LEVEL = "-Onone";
			};
			name = Debug;
		};
		5A3CBB002B9B5A1A00FB1914 /* Release */ = {
			isa = XCBuildConfiguration;
			buildSettings = {
				ALWAYS_SEARCH_USER_PATHS = NO;
				ASSETCATALOG_COMPILER_GENERATE_SWIFT_ASSET_SYMBOL_EXTENSIONS = YES;
				CLANG_ANALYZER_NONNULL = YES;
				CLANG_ANALYZER_NUMBER_OBJECT_CONVERSION = YES_AGGRESSIVE;
				CLANG_CXX_LANGUAGE_STANDARD = "gnu++20";
				CLANG_ENABLE_MODULES = YES;
				CLANG_ENABLE_OBJC_ARC = YES;
				CLANG_ENABLE_OBJC_WEAK = YES;
				CLANG_WARN_BLOCK_CAPTURE_AUTORELEASING = YES;
				CLANG_WARN_BOOL_CONVERSION = YES;
				CLANG_WARN_COMMA = YES;
				CLANG_WARN_CONSTANT_CONVERSION = YES;
				CLANG_WARN_DEPRECATED_OBJC_IMPLEMENTATIONS = YES;
				CLANG_WARN_DIRECT_OBJC_ISA_USAGE = YES_ERROR;
				CLANG_WARN_DOCUMENTATION_COMMENTS = YES;
				CLANG_WARN_EMPTY_BODY = YES;
				CLANG_WARN_ENUM_CONVERSION = YES;
				CLANG_WARN_INFINITE_RECURSION = YES;
				CLANG_WARN_INT_CONVERSION = YES;
				CLANG_WARN_NON_LITERAL_NULL_CONVERSION = YES;
				CLANG_WARN_OBJC_IMPLICIT_RETAIN_SELF = YES;
				CLANG_WARN_OBJC_LITERAL_CONVERSION = YES;
				CLANG_WARN_OBJC_ROOT_CLASS = YES_ERROR;
				CLANG_WARN_QUOTED_INCLUDE_IN_FRAMEWORK_HEADER = YES;
				CLANG_WARN_RANGE_LOOP_ANALYSIS = YES;
				CLANG_WARN_STRICT_PROTOTYPES = YES;
				CLANG_WARN_SUSPICIOUS_MOVE = YES;
				CLANG_WARN_UNGUARDED_AVAILABILITY = YES_AGGRESSIVE;
				CLANG_WARN_UNREACHABLE_CODE = YES;
				CLANG_WARN__DUPLICATE_METHOD_MATCH = YES;
				COPY_PHASE_STRIP = NO;
				DEBUG_INFORMATION_FORMAT = "dwarf-with-dsym";
				ENABLE_NS_ASSERTIONS = NO;
				ENABLE_STRICT_OBJC_MSGSEND = YES;
				ENABLE_USER_SCRIPT_SANDBOXING = YES;
				GCC_C_LANGUAGE_STANDARD = gnu17;
				GCC_NO_COMMON_BLOCKS = YES;
				GCC_WARN_64_TO_32_BIT_CONVERSION = YES;
				GCC_WARN_ABOUT_RETURN_TYPE = YES_ERROR;
				GCC_WARN_UNDECLARED_SELECTOR = YES;
				GCC_WARN_UNINITIALIZED_AUTOS = YES_AGGRESSIVE;
				GCC_WARN_UNUSED_FUNCTION = YES;
				GCC_WARN_UNUSED_VARIABLE = YES;
				IPHONEOS_DEPLOYMENT_TARGET = 17.4;
				LOCALIZATION_PREFERS_STRING_CATALOGS = YES;
				MTL_ENABLE_DEBUG_INFO = NO;
				MTL_FAST_MATH = YES;
				SDKROOT = iphoneos;
				SWIFT_COMPILATION_MODE = wholemodule;
				VALIDATE_PRODUCT = YES;
			};
			name = Release;
		};
		5A3CBB022B9B5A1A00FB1914 /* Debug */ = {
			isa = XCBuildConfiguration;
			buildSettings = {
				ASSETCATALOG_COMPILER_APPICON_NAME = AppIcon;
				ASSETCATALOG_COMPILER_GLOBAL_ACCENT_COLOR_NAME = AccentColor;
				CODE_SIGN_STYLE = Automatic;
				CURRENT_PROJECT_VERSION = 1;
				DEVELOPMENT_TEAM = 6Z8MU97UL5;
				GENERATE_INFOPLIST_FILE = YES;
				INFOPLIST_FILE = "Seccion 22 - API Rest/Info.plist";
				INFOPLIST_KEY_UIApplicationSupportsIndirectInputEvents = YES;
				INFOPLIST_KEY_UILaunchStoryboardName = LaunchScreen;
				INFOPLIST_KEY_UIMainStoryboardFile = Main;
				INFOPLIST_KEY_UISupportedInterfaceOrientations_iPad = "UIInterfaceOrientationPortrait UIInterfaceOrientationPortraitUpsideDown UIInterfaceOrientationLandscapeLeft UIInterfaceOrientationLandscapeRight";
				INFOPLIST_KEY_UISupportedInterfaceOrientations_iPhone = "UIInterfaceOrientationPortrait UIInterfaceOrientationLandscapeLeft UIInterfaceOrientationLandscapeRight";
				LD_RUNPATH_SEARCH_PATHS = (
					"$(inherited)",
					"@executable_path/Frameworks",
				);
				MARKETING_VERSION = 1.0;
				PRODUCT_BUNDLE_IDENTIFIER = "com.aguilarjacob.Seccion-22---API-Rest";
				PRODUCT_NAME = "$(TARGET_NAME)";
				SWIFT_EMIT_LOC_STRINGS = YES;
				SWIFT_VERSION = 5.0;
				TARGETED_DEVICE_FAMILY = "1,2";
			};
			name = Debug;
		};
		5A3CBB032B9B5A1A00FB1914 /* Release */ = {
			isa = XCBuildConfiguration;
			buildSettings = {
				ASSETCATALOG_COMPILER_APPICON_NAME = AppIcon;
				ASSETCATALOG_COMPILER_GLOBAL_ACCENT_COLOR_NAME = AccentColor;
				CODE_SIGN_STYLE = Automatic;
				CURRENT_PROJECT_VERSION = 1;
				DEVELOPMENT_TEAM = 6Z8MU97UL5;
				GENERATE_INFOPLIST_FILE = YES;
				INFOPLIST_FILE = "Seccion 22 - API Rest/Info.plist";
				INFOPLIST_KEY_UIApplicationSupportsIndirectInputEvents = YES;
				INFOPLIST_KEY_UILaunchStoryboardName = LaunchScreen;
				INFOPLIST_KEY_UIMainStoryboardFile = Main;
				INFOPLIST_KEY_UISupportedInterfaceOrientations_iPad = "UIInterfaceOrientationPortrait UIInterfaceOrientationPortraitUpsideDown UIInterfaceOrientationLandscapeLeft UIInterfaceOrientationLandscapeRight";
				INFOPLIST_KEY_UISupportedInterfaceOrientations_iPhone = "UIInterfaceOrientationPortrait UIInterfaceOrientationLandscapeLeft UIInterfaceOrientationLandscapeRight";
				LD_RUNPATH_SEARCH_PATHS = (
					"$(inherited)",
					"@executable_path/Frameworks",
				);
				MARKETING_VERSION = 1.0;
				PRODUCT_BUNDLE_IDENTIFIER = "com.aguilarjacob.Seccion-22---API-Rest";
				PRODUCT_NAME = "$(TARGET_NAME)";
				SWIFT_EMIT_LOC_STRINGS = YES;
				SWIFT_VERSION = 5.0;
				TARGETED_DEVICE_FAMILY = "1,2";
			};
			name = Release;
		};
/* End XCBuildConfiguration section */

/* Begin XCConfigurationList section */
		5A3CBAE52B9B5A1300FB1914 /* Build configuration list for PBXProject "Seccion 22 - API Rest" */ = {
			isa = XCConfigurationList;
			buildConfigurations = (
				5A3CBAFF2B9B5A1A00FB1914 /* Debug */,
				5A3CBB002B9B5A1A00FB1914 /* Release */,
			);
			defaultConfigurationIsVisible = 0;
			defaultConfigurationName = Release;
		};
		5A3CBB012B9B5A1A00FB1914 /* Build configuration list for PBXNativeTarget "Seccion 22 - API Rest" */ = {
			isa = XCConfigurationList;
			buildConfigurations = (
				5A3CBB022B9B5A1A00FB1914 /* Debug */,
				5A3CBB032B9B5A1A00FB1914 /* Release */,
			);
			defaultConfigurationIsVisible = 0;
			defaultConfigurationName = Release;
		};
/* End XCConfigurationList section */

/* Begin XCVersionGroup section */
		5A3CBAF62B9B5A1400FB1914 /* Seccion_22___API_Rest.xcdatamodeld */ = {
			isa = XCVersionGroup;
			children = (
				5A3CBAF72B9B5A1400FB1914 /* Seccion_22___API_Rest.xcdatamodel */,
			);
			currentVersion = 5A3CBAF72B9B5A1400FB1914 /* Seccion_22___API_Rest.xcdatamodel */;
			path = "Seccion_22___API_Rest.xcdatamodeld";
			sourceTree = "<group>";
			versionGroupType = wrapper.xcdatamodel;
		};
/* End XCVersionGroup section */
	};
	rootObject = 5A3CBAE22B9B5A1300FB1914 /* Project object */;
}
